
Microsoft Visual Studio Solution File, Format Version 12.00
# Visual Studio Version 16
VisualStudioVersion = 16.0.31727.386
MinimumVisualStudioVersion = 10.0.40219.1
Project("{FAE04EC0-301F-11D3-BF4B-00C04F79EFBC}") = "ImitComb", "ImitComb.csproj", "{BD36DBAC-6C77-4976-8B8F-54D69A21D2F8}"
EndProject
Global
	GlobalSection(SolutionConfigurationPlatforms) = preSolution
		Debug|Any CPU = Debug|Any CPU
		Release|Any CPU = Release|Any CPU
	EndGlobalSection
	GlobalSection(ProjectConfigurationPlatforms) = postSolution
		{BD36DBAC-6C77-4976-8B8F-54D69A21D2F8}.Debug|Any CPU.ActiveCfg = Debug|Any CPU
		{BD36DBAC-6C77-4976-8B8F-54D69A21D2F8}.Debug|Any CPU.Build.0 = Debug|Any CPU
		{BD36DBAC-6C77-4976-8B8F-54D69A21D2F8}.Release|Any CPU.ActiveCfg = Release|Any CPU
		{BD36DBAC-6C77-4976-8B8F-54D69A21D2F8}.Release|Any CPU.Build.0 = Release|Any CPU
	EndGlobalSection
	GlobalSection(SolutionProperties) = preSolution
		HideSolutionNode = FALSE
	EndGlobalSection
	GlobalSection(ExtensibilityGlobals) = postSolution
		SolutionGuid = {D7F75852-F80E-4A1A-8120-A999B5D7682C}
	EndGlobalSection
EndGlobal
